
Microsoft Visual Studio Solution File, Format Version 12.00
# Visual Studio Version 17
VisualStudioVersion = 17.5.002.0
MinimumVisualStudioVersion = 10.0.40219.1
Project("{9A19103F-16F7-4668-BE54-9A1E7A4F7556}") = "BE_072024.NetCoreAPI", "BE_072024.NetCoreAPI.csproj", "{20D92C80-4DA8-4504-A482-E1F7240D8CCB}"
EndProject
Global
	GlobalSection(SolutionConfigurationPlatforms) = preSolution
		Debug|Any CPU = Debug|Any CPU
		Release|Any CPU = Release|Any CPU
	EndGlobalSection
	GlobalSection(ProjectConfigurationPlatforms) = postSolution
		{20D92C80-4DA8-4504-A482-E1F7240D8CCB}.Debug|Any CPU.ActiveCfg = Debug|Any CPU
		{20D92C80-4DA8-4504-A482-E1F7240D8CCB}.Debug|Any CPU.Build.0 = Debug|Any CPU
		{20D92C80-4DA8-4504-A482-E1F7240D8CCB}.Release|Any CPU.ActiveCfg = Release|Any CPU
		{20D92C80-4DA8-4504-A482-E1F7240D8CCB}.Release|Any CPU.Build.0 = Release|Any CPU
	EndGlobalSection
	GlobalSection(SolutionProperties) = preSolution
		HideSolutionNode = FALSE
	EndGlobalSection
	GlobalSection(ExtensibilityGlobals) = postSolution
		SolutionGuid = {ACCF59CA-269F-43A0-9AE6-E46F00B0E742}
	EndGlobalSection
EndGlobal
